
Microsoft Visual Studio Solution File, Format Version 12.00
# Visual Studio Version 16
VisualStudioVersion = 16.0.31605.320
MinimumVisualStudioVersion = 10.0.40219.1
Project("{FAE04EC0-301F-11D3-BF4B-00C04F79EFBC}") = "WebShopApplication_project", "WebShopApplication_project\WebShopApplication_project.csproj", "{27338F63-FD92-4638-B8E0-91F7CF0A3972}"
EndProject
Global
	GlobalSection(SolutionConfigurationPlatforms) = preSolution
		Debug|Any CPU = Debug|Any CPU
		Release|Any CPU = Release|Any CPU
	EndGlobalSection
	GlobalSection(ProjectConfigurationPlatforms) = postSolution
		{27338F63-FD92-4638-B8E0-91F7CF0A3972}.Debug|Any CPU.ActiveCfg = Debug|Any CPU
		{27338F63-FD92-4638-B8E0-91F7CF0A3972}.Debug|Any CPU.Build.0 = Debug|Any CPU
		{27338F63-FD92-4638-B8E0-91F7CF0A3972}.Release|Any CPU.ActiveCfg = Release|Any CPU
		{27338F63-FD92-4638-B8E0-91F7CF0A3972}.Release|Any CPU.Build.0 = Release|Any CPU
	EndGlobalSection
	GlobalSection(SolutionProperties) = preSolution
		HideSolutionNode = FALSE
	EndGlobalSection
	GlobalSection(ExtensibilityGlobals) = postSolution
		SolutionGuid = {B2831B5F-6FBD-4ECD-8669-BEEF3CB05DB6}
	EndGlobalSection
EndGlobal
